
Microsoft Visual Studio Solution File, Format Version 12.00
# Visual Studio Version 17
VisualStudioVersion = 17.11.35222.181
MinimumVisualStudioVersion = 10.0.40219.1
Project("{FAE04EC0-301F-11D3-BF4B-00C04F79EFBC}") = "Loop5 - CountDownRange", "Loop5 - CountDownRange\Loop5 - CountDownRange.csproj", "{C3564D6D-DC83-42E5-B00A-481E66341537}"
EndProject
Global
	GlobalSection(SolutionConfigurationPlatforms) = preSolution
		Debug|Any CPU = Debug|Any CPU
		Release|Any CPU = Release|Any CPU
	EndGlobalSection
	GlobalSection(ProjectConfigurationPlatforms) = postSolution
		{C3564D6D-DC83-42E5-B00A-481E66341537}.Debug|Any CPU.ActiveCfg = Debug|Any CPU
		{C3564D6D-DC83-42E5-B00A-481E66341537}.Debug|Any CPU.Build.0 = Debug|Any CPU
		{C3564D6D-DC83-42E5-B00A-481E66341537}.Release|Any CPU.ActiveCfg = Release|Any CPU
		{C3564D6D-DC83-42E5-B00A-481E66341537}.Release|Any CPU.Build.0 = Release|Any CPU
	EndGlobalSection
	GlobalSection(SolutionProperties) = preSolution
		HideSolutionNode = FALSE
	EndGlobalSection
	GlobalSection(ExtensibilityGlobals) = postSolution
		SolutionGuid = {D3C1414A-52D7-4D0D-AC8A-9A4BD54E0B1D}
	EndGlobalSection
EndGlobal
