
Microsoft Visual Studio Solution File, Format Version 12.00
# Visual Studio Version 17
VisualStudioVersion = 17.11.35222.181
MinimumVisualStudioVersion = 10.0.40219.1
Project("{FAE04EC0-301F-11D3-BF4B-00C04F79EFBC}") = "VadHeterDu", "VadHeterDu\VadHeterDu.csproj", "{8FBFFAE7-7C1E-4908-911B-25BD22A71E31}"
EndProject
Global
	GlobalSection(SolutionConfigurationPlatforms) = preSolution
		Debug|Any CPU = Debug|Any CPU
		Release|Any CPU = Release|Any CPU
	EndGlobalSection
	GlobalSection(ProjectConfigurationPlatforms) = postSolution
		{8FBFFAE7-7C1E-4908-911B-25BD22A71E31}.Debug|Any CPU.ActiveCfg = Debug|Any CPU
		{8FBFFAE7-7C1E-4908-911B-25BD22A71E31}.Debug|Any CPU.Build.0 = Debug|Any CPU
		{8FBFFAE7-7C1E-4908-911B-25BD22A71E31}.Release|Any CPU.ActiveCfg = Release|Any CPU
		{8FBFFAE7-7C1E-4908-911B-25BD22A71E31}.Release|Any CPU.Build.0 = Release|Any CPU
	EndGlobalSection
	GlobalSection(SolutionProperties) = preSolution
		HideSolutionNode = FALSE
	EndGlobalSection
	GlobalSection(ExtensibilityGlobals) = postSolution
		SolutionGuid = {9F97995E-8E4D-4277-B795-7285026CADE9}
	EndGlobalSection
EndGlobal
