
Microsoft Visual Studio Solution File, Format Version 12.00
# Visual Studio Version 17
VisualStudioVersion = 17.11.35222.181
MinimumVisualStudioVersion = 10.0.40219.1
Project("{FAE04EC0-301F-11D3-BF4B-00C04F79EFBC}") = "09 - ValuSwaDizer", "09 - ValuSwaDizer\09 - ValuSwaDizer.csproj", "{A478C28F-F777-4880-831A-FC2F8E56F1A0}"
EndProject
Global
	GlobalSection(SolutionConfigurationPlatforms) = preSolution
		Debug|Any CPU = Debug|Any CPU
		Release|Any CPU = Release|Any CPU
	EndGlobalSection
	GlobalSection(ProjectConfigurationPlatforms) = postSolution
		{A478C28F-F777-4880-831A-FC2F8E56F1A0}.Debug|Any CPU.ActiveCfg = Debug|Any CPU
		{A478C28F-F777-4880-831A-FC2F8E56F1A0}.Debug|Any CPU.Build.0 = Debug|Any CPU
		{A478C28F-F777-4880-831A-FC2F8E56F1A0}.Release|Any CPU.ActiveCfg = Release|Any CPU
		{A478C28F-F777-4880-831A-FC2F8E56F1A0}.Release|Any CPU.Build.0 = Release|Any CPU
	EndGlobalSection
	GlobalSection(SolutionProperties) = preSolution
		HideSolutionNode = FALSE
	EndGlobalSection
	GlobalSection(ExtensibilityGlobals) = postSolution
		SolutionGuid = {B2F5BB91-E0F8-4321-B6F5-5D22B3A568FC}
	EndGlobalSection
EndGlobal
