
Microsoft Visual Studio Solution File, Format Version 12.00
# Visual Studio Version 17
VisualStudioVersion = 17.11.35222.181
MinimumVisualStudioVersion = 10.0.40219.1
Project("{FAE04EC0-301F-11D3-BF4B-00C04F79EFBC}") = "11 - calculaIzer", "11 - calculaIzer\11 - calculaIzer.csproj", "{AE8F9346-C290-4F76-8A64-4352682BC8DC}"
EndProject
Global
	GlobalSection(SolutionConfigurationPlatforms) = preSolution
		Debug|Any CPU = Debug|Any CPU
		Release|Any CPU = Release|Any CPU
	EndGlobalSection
	GlobalSection(ProjectConfigurationPlatforms) = postSolution
		{AE8F9346-C290-4F76-8A64-4352682BC8DC}.Debug|Any CPU.ActiveCfg = Debug|Any CPU
		{AE8F9346-C290-4F76-8A64-4352682BC8DC}.Debug|Any CPU.Build.0 = Debug|Any CPU
		{AE8F9346-C290-4F76-8A64-4352682BC8DC}.Release|Any CPU.ActiveCfg = Release|Any CPU
		{AE8F9346-C290-4F76-8A64-4352682BC8DC}.Release|Any CPU.Build.0 = Release|Any CPU
	EndGlobalSection
	GlobalSection(SolutionProperties) = preSolution
		HideSolutionNode = FALSE
	EndGlobalSection
	GlobalSection(ExtensibilityGlobals) = postSolution
		SolutionGuid = {F42C8B7B-42FE-4A3D-9B60-BAD3D780B388}
	EndGlobalSection
EndGlobal
