
Microsoft Visual Studio Solution File, Format Version 12.00
# Visual Studio Version 17
VisualStudioVersion = 17.11.35222.181
MinimumVisualStudioVersion = 10.0.40219.1
Project("{FAE04EC0-301F-11D3-BF4B-00C04F79EFBC}") = "06- StringochInt", "06- StringochInt\06- StringochInt.csproj", "{303BF23B-562C-4297-9489-7A8E0A17619C}"
EndProject
Global
	GlobalSection(SolutionConfigurationPlatforms) = preSolution
		Debug|Any CPU = Debug|Any CPU
		Release|Any CPU = Release|Any CPU
	EndGlobalSection
	GlobalSection(ProjectConfigurationPlatforms) = postSolution
		{303BF23B-562C-4297-9489-7A8E0A17619C}.Debug|Any CPU.ActiveCfg = Debug|Any CPU
		{303BF23B-562C-4297-9489-7A8E0A17619C}.Debug|Any CPU.Build.0 = Debug|Any CPU
		{303BF23B-562C-4297-9489-7A8E0A17619C}.Release|Any CPU.ActiveCfg = Release|Any CPU
		{303BF23B-562C-4297-9489-7A8E0A17619C}.Release|Any CPU.Build.0 = Release|Any CPU
	EndGlobalSection
	GlobalSection(SolutionProperties) = preSolution
		HideSolutionNode = FALSE
	EndGlobalSection
	GlobalSection(ExtensibilityGlobals) = postSolution
		SolutionGuid = {E5D7DE7F-41E3-41CD-A584-1965B1029E75}
	EndGlobalSection
EndGlobal
