
Microsoft Visual Studio Solution File, Format Version 12.00
# Visual Studio Version 17
VisualStudioVersion = 17.11.35222.181
MinimumVisualStudioVersion = 10.0.40219.1
Project("{FAE04EC0-301F-11D3-BF4B-00C04F79EFBC}") = "DayLizer", "DayLizer\DayLizer.csproj", "{0958D091-3BBA-4E1C-A692-E55FE86986B4}"
EndProject
Global
	GlobalSection(SolutionConfigurationPlatforms) = preSolution
		Debug|Any CPU = Debug|Any CPU
		Release|Any CPU = Release|Any CPU
	EndGlobalSection
	GlobalSection(ProjectConfigurationPlatforms) = postSolution
		{0958D091-3BBA-4E1C-A692-E55FE86986B4}.Debug|Any CPU.ActiveCfg = Debug|Any CPU
		{0958D091-3BBA-4E1C-A692-E55FE86986B4}.Debug|Any CPU.Build.0 = Debug|Any CPU
		{0958D091-3BBA-4E1C-A692-E55FE86986B4}.Release|Any CPU.ActiveCfg = Release|Any CPU
		{0958D091-3BBA-4E1C-A692-E55FE86986B4}.Release|Any CPU.Build.0 = Release|Any CPU
	EndGlobalSection
	GlobalSection(SolutionProperties) = preSolution
		HideSolutionNode = FALSE
	EndGlobalSection
	GlobalSection(ExtensibilityGlobals) = postSolution
		SolutionGuid = {2BE08AFF-D316-4B46-8122-5F38947EC38B}
	EndGlobalSection
EndGlobal
