
Microsoft Visual Studio Solution File, Format Version 12.00
# Visual Studio Version 17
VisualStudioVersion = 17.11.35222.181
MinimumVisualStudioVersion = 10.0.40219.1
Project("{FAE04EC0-301F-11D3-BF4B-00C04F79EFBC}") = "13 - TempConverter", "13 - TempConverter\13 - TempConverter.csproj", "{1DDA271A-47C7-43F0-BDE2-7EE9BE7A95DD}"
EndProject
Global
	GlobalSection(SolutionConfigurationPlatforms) = preSolution
		Debug|Any CPU = Debug|Any CPU
		Release|Any CPU = Release|Any CPU
	EndGlobalSection
	GlobalSection(ProjectConfigurationPlatforms) = postSolution
		{1DDA271A-47C7-43F0-BDE2-7EE9BE7A95DD}.Debug|Any CPU.ActiveCfg = Debug|Any CPU
		{1DDA271A-47C7-43F0-BDE2-7EE9BE7A95DD}.Debug|Any CPU.Build.0 = Debug|Any CPU
		{1DDA271A-47C7-43F0-BDE2-7EE9BE7A95DD}.Release|Any CPU.ActiveCfg = Release|Any CPU
		{1DDA271A-47C7-43F0-BDE2-7EE9BE7A95DD}.Release|Any CPU.Build.0 = Release|Any CPU
	EndGlobalSection
	GlobalSection(SolutionProperties) = preSolution
		HideSolutionNode = FALSE
	EndGlobalSection
	GlobalSection(ExtensibilityGlobals) = postSolution
		SolutionGuid = {810E9C84-33DF-429A-A6ED-4D72650D6EE0}
	EndGlobalSection
EndGlobal
