
Microsoft Visual Studio Solution File, Format Version 12.00
# Visual Studio Version 17
VisualStudioVersion = 17.11.35222.181
MinimumVisualStudioVersion = 10.0.40219.1
Project("{FAE04EC0-301F-11D3-BF4B-00C04F79EFBC}") = "09- InmatningOchSumma", "09- InmatningOchSumma\09- InmatningOchSumma.csproj", "{694FFE50-A532-4B3F-9BE5-CDDC963DFD7C}"
EndProject
Global
	GlobalSection(SolutionConfigurationPlatforms) = preSolution
		Debug|Any CPU = Debug|Any CPU
		Release|Any CPU = Release|Any CPU
	EndGlobalSection
	GlobalSection(ProjectConfigurationPlatforms) = postSolution
		{694FFE50-A532-4B3F-9BE5-CDDC963DFD7C}.Debug|Any CPU.ActiveCfg = Debug|Any CPU
		{694FFE50-A532-4B3F-9BE5-CDDC963DFD7C}.Debug|Any CPU.Build.0 = Debug|Any CPU
		{694FFE50-A532-4B3F-9BE5-CDDC963DFD7C}.Release|Any CPU.ActiveCfg = Release|Any CPU
		{694FFE50-A532-4B3F-9BE5-CDDC963DFD7C}.Release|Any CPU.Build.0 = Release|Any CPU
	EndGlobalSection
	GlobalSection(SolutionProperties) = preSolution
		HideSolutionNode = FALSE
	EndGlobalSection
	GlobalSection(ExtensibilityGlobals) = postSolution
		SolutionGuid = {EC3A997A-210B-4854-AD6E-CE6BBBBA3AD4}
	EndGlobalSection
EndGlobal
