
Microsoft Visual Studio Solution File, Format Version 12.00
# Visual Studio Version 17
VisualStudioVersion = 17.11.35222.181
MinimumVisualStudioVersion = 10.0.40219.1
Project("{FAE04EC0-301F-11D3-BF4B-00C04F79EFBC}") = "StringTrippler", "StringTrippler\StringTrippler.csproj", "{6084C973-B4D2-4F2D-812E-29723E1C8CE6}"
EndProject
Global
	GlobalSection(SolutionConfigurationPlatforms) = preSolution
		Debug|Any CPU = Debug|Any CPU
		Release|Any CPU = Release|Any CPU
	EndGlobalSection
	GlobalSection(ProjectConfigurationPlatforms) = postSolution
		{6084C973-B4D2-4F2D-812E-29723E1C8CE6}.Debug|Any CPU.ActiveCfg = Debug|Any CPU
		{6084C973-B4D2-4F2D-812E-29723E1C8CE6}.Debug|Any CPU.Build.0 = Debug|Any CPU
		{6084C973-B4D2-4F2D-812E-29723E1C8CE6}.Release|Any CPU.ActiveCfg = Release|Any CPU
		{6084C973-B4D2-4F2D-812E-29723E1C8CE6}.Release|Any CPU.Build.0 = Release|Any CPU
	EndGlobalSection
	GlobalSection(SolutionProperties) = preSolution
		HideSolutionNode = FALSE
	EndGlobalSection
	GlobalSection(ExtensibilityGlobals) = postSolution
		SolutionGuid = {3BD47F62-B0B1-4330-9FB1-F699CE2B485D}
	EndGlobalSection
EndGlobal
