
Microsoft Visual Studio Solution File, Format Version 12.00
# Visual Studio Version 17
VisualStudioVersion = 17.11.35222.181
MinimumVisualStudioVersion = 10.0.40219.1
Project("{FAE04EC0-301F-11D3-BF4B-00C04F79EFBC}") = "11- Beräkningar", "11- Beräkningar\11- Beräkningar.csproj", "{252FB4B4-F161-4E22-A0AF-7F1E38A1CC21}"
EndProject
Global
	GlobalSection(SolutionConfigurationPlatforms) = preSolution
		Debug|Any CPU = Debug|Any CPU
		Release|Any CPU = Release|Any CPU
	EndGlobalSection
	GlobalSection(ProjectConfigurationPlatforms) = postSolution
		{252FB4B4-F161-4E22-A0AF-7F1E38A1CC21}.Debug|Any CPU.ActiveCfg = Debug|Any CPU
		{252FB4B4-F161-4E22-A0AF-7F1E38A1CC21}.Debug|Any CPU.Build.0 = Debug|Any CPU
		{252FB4B4-F161-4E22-A0AF-7F1E38A1CC21}.Release|Any CPU.ActiveCfg = Release|Any CPU
		{252FB4B4-F161-4E22-A0AF-7F1E38A1CC21}.Release|Any CPU.Build.0 = Release|Any CPU
	EndGlobalSection
	GlobalSection(SolutionProperties) = preSolution
		HideSolutionNode = FALSE
	EndGlobalSection
	GlobalSection(ExtensibilityGlobals) = postSolution
		SolutionGuid = {013314B9-0E70-4555-9317-759B045F2D55}
	EndGlobalSection
EndGlobal
