
Microsoft Visual Studio Solution File, Format Version 12.00
# Visual Studio Version 17
VisualStudioVersion = 17.11.35222.181
MinimumVisualStudioVersion = 10.0.40219.1
Project("{FAE04EC0-301F-11D3-BF4B-00C04F79EFBC}") = "Loop4 - SumOfTenX", "Loop4 - SumOfTenX\Loop4 - SumOfTenX.csproj", "{5D7AE8D2-9E78-4115-9717-7BD8DBAADAED}"
EndProject
Global
	GlobalSection(SolutionConfigurationPlatforms) = preSolution
		Debug|Any CPU = Debug|Any CPU
		Release|Any CPU = Release|Any CPU
	EndGlobalSection
	GlobalSection(ProjectConfigurationPlatforms) = postSolution
		{5D7AE8D2-9E78-4115-9717-7BD8DBAADAED}.Debug|Any CPU.ActiveCfg = Debug|Any CPU
		{5D7AE8D2-9E78-4115-9717-7BD8DBAADAED}.Debug|Any CPU.Build.0 = Debug|Any CPU
		{5D7AE8D2-9E78-4115-9717-7BD8DBAADAED}.Release|Any CPU.ActiveCfg = Release|Any CPU
		{5D7AE8D2-9E78-4115-9717-7BD8DBAADAED}.Release|Any CPU.Build.0 = Release|Any CPU
	EndGlobalSection
	GlobalSection(SolutionProperties) = preSolution
		HideSolutionNode = FALSE
	EndGlobalSection
	GlobalSection(ExtensibilityGlobals) = postSolution
		SolutionGuid = {2BAF92FC-4954-4D49-9B42-7A848575ACDE}
	EndGlobalSection
EndGlobal
