
Microsoft Visual Studio Solution File, Format Version 12.00
# Visual Studio Version 17
VisualStudioVersion = 17.11.35222.181
MinimumVisualStudioVersion = 10.0.40219.1
Project("{FAE04EC0-301F-11D3-BF4B-00C04F79EFBC}") = "RollTheDice", "RollTheDice\RollTheDice.csproj", "{99EC9C76-AD37-4005-B7D2-1EBEE92C9AD9}"
EndProject
Global
	GlobalSection(SolutionConfigurationPlatforms) = preSolution
		Debug|Any CPU = Debug|Any CPU
		Release|Any CPU = Release|Any CPU
	EndGlobalSection
	GlobalSection(ProjectConfigurationPlatforms) = postSolution
		{99EC9C76-AD37-4005-B7D2-1EBEE92C9AD9}.Debug|Any CPU.ActiveCfg = Debug|Any CPU
		{99EC9C76-AD37-4005-B7D2-1EBEE92C9AD9}.Debug|Any CPU.Build.0 = Debug|Any CPU
		{99EC9C76-AD37-4005-B7D2-1EBEE92C9AD9}.Release|Any CPU.ActiveCfg = Release|Any CPU
		{99EC9C76-AD37-4005-B7D2-1EBEE92C9AD9}.Release|Any CPU.Build.0 = Release|Any CPU
	EndGlobalSection
	GlobalSection(SolutionProperties) = preSolution
		HideSolutionNode = FALSE
	EndGlobalSection
	GlobalSection(ExtensibilityGlobals) = postSolution
		SolutionGuid = {86F85C24-CCC1-4314-A964-F7BCA108EB23}
	EndGlobalSection
EndGlobal
