
Microsoft Visual Studio Solution File, Format Version 12.00
# Visual Studio Version 17
VisualStudioVersion = 17.11.35222.181
MinimumVisualStudioVersion = 10.0.40219.1
Project("{FAE04EC0-301F-11D3-BF4B-00C04F79EFBC}") = "13- TimmarMinuter", "13- TimmarMinuter\13- TimmarMinuter.csproj", "{F304EEA9-BDCC-4C00-8543-EE137F458C21}"
EndProject
Global
	GlobalSection(SolutionConfigurationPlatforms) = preSolution
		Debug|Any CPU = Debug|Any CPU
		Release|Any CPU = Release|Any CPU
	EndGlobalSection
	GlobalSection(ProjectConfigurationPlatforms) = postSolution
		{F304EEA9-BDCC-4C00-8543-EE137F458C21}.Debug|Any CPU.ActiveCfg = Debug|Any CPU
		{F304EEA9-BDCC-4C00-8543-EE137F458C21}.Debug|Any CPU.Build.0 = Debug|Any CPU
		{F304EEA9-BDCC-4C00-8543-EE137F458C21}.Release|Any CPU.ActiveCfg = Release|Any CPU
		{F304EEA9-BDCC-4C00-8543-EE137F458C21}.Release|Any CPU.Build.0 = Release|Any CPU
	EndGlobalSection
	GlobalSection(SolutionProperties) = preSolution
		HideSolutionNode = FALSE
	EndGlobalSection
	GlobalSection(ExtensibilityGlobals) = postSolution
		SolutionGuid = {E99EC033-563F-4EDE-9EF6-F5D57A6801E1}
	EndGlobalSection
EndGlobal
