
Microsoft Visual Studio Solution File, Format Version 12.00
# Visual Studio Version 17
VisualStudioVersion = 17.11.35222.181
MinimumVisualStudioVersion = 10.0.40219.1
Project("{FAE04EC0-301F-11D3-BF4B-00C04F79EFBC}") = "3- theWelcomer", "3- theWelcomer\3- theWelcomer.csproj", "{9B9C4B5C-4EA2-4E40-ACCB-3DE7247335DF}"
EndProject
Global
	GlobalSection(SolutionConfigurationPlatforms) = preSolution
		Debug|Any CPU = Debug|Any CPU
		Release|Any CPU = Release|Any CPU
	EndGlobalSection
	GlobalSection(ProjectConfigurationPlatforms) = postSolution
		{9B9C4B5C-4EA2-4E40-ACCB-3DE7247335DF}.Debug|Any CPU.ActiveCfg = Debug|Any CPU
		{9B9C4B5C-4EA2-4E40-ACCB-3DE7247335DF}.Debug|Any CPU.Build.0 = Debug|Any CPU
		{9B9C4B5C-4EA2-4E40-ACCB-3DE7247335DF}.Release|Any CPU.ActiveCfg = Release|Any CPU
		{9B9C4B5C-4EA2-4E40-ACCB-3DE7247335DF}.Release|Any CPU.Build.0 = Release|Any CPU
	EndGlobalSection
	GlobalSection(SolutionProperties) = preSolution
		HideSolutionNode = FALSE
	EndGlobalSection
	GlobalSection(ExtensibilityGlobals) = postSolution
		SolutionGuid = {1A6A65EF-4458-4A26-823B-C0D0588FF11B}
	EndGlobalSection
EndGlobal
