
Microsoft Visual Studio Solution File, Format Version 12.00
# Visual Studio Version 17
VisualStudioVersion = 17.11.35222.181
MinimumVisualStudioVersion = 10.0.40219.1
Project("{FAE04EC0-301F-11D3-BF4B-00C04F79EFBC}") = "07 - addMulDizer", "07 - addMulDizer\07 - addMulDizer.csproj", "{BCD82E89-B257-4947-81CD-EF8F2A389D16}"
EndProject
Global
	GlobalSection(SolutionConfigurationPlatforms) = preSolution
		Debug|Any CPU = Debug|Any CPU
		Release|Any CPU = Release|Any CPU
	EndGlobalSection
	GlobalSection(ProjectConfigurationPlatforms) = postSolution
		{BCD82E89-B257-4947-81CD-EF8F2A389D16}.Debug|Any CPU.ActiveCfg = Debug|Any CPU
		{BCD82E89-B257-4947-81CD-EF8F2A389D16}.Debug|Any CPU.Build.0 = Debug|Any CPU
		{BCD82E89-B257-4947-81CD-EF8F2A389D16}.Release|Any CPU.ActiveCfg = Release|Any CPU
		{BCD82E89-B257-4947-81CD-EF8F2A389D16}.Release|Any CPU.Build.0 = Release|Any CPU
	EndGlobalSection
	GlobalSection(SolutionProperties) = preSolution
		HideSolutionNode = FALSE
	EndGlobalSection
	GlobalSection(ExtensibilityGlobals) = postSolution
		SolutionGuid = {8912AD85-A01F-4033-A674-8250438ADF61}
	EndGlobalSection
EndGlobal
